// !$*UTF8*$!
{
	archiveVersion = 1;
	classes = {
	};
	objectVersion = 46;
	objects = {

/* Begin PBXBuildFile section */
		A60B60361C05834500FD7730 /* rune.json in Resources */ = {isa = PBXBuildFile; fileRef = A60B60351C05834500FD7730 /* rune.json */; };
		A61D4DFC1BD335FA00E175E1 /* AppDelegate.swift in Sources */ = {isa = PBXBuildFile; fileRef = A61D4DFB1BD335FA00E175E1 /* AppDelegate.swift */; };
		A61D4E011BD335FA00E175E1 /* Main.storyboard in Resources */ = {isa = PBXBuildFile; fileRef = A61D4DFF1BD335FA00E175E1 /* Main.storyboard */; };
		A61D4E041BD335FA00E175E1 /* SelfLOL.xcdatamodeld in Sources */ = {isa = PBXBuildFile; fileRef = A61D4E021BD335FA00E175E1 /* SelfLOL.xcdatamodeld */; };
		A61D4E061BD335FA00E175E1 /* Assets.xcassets in Resources */ = {isa = PBXBuildFile; fileRef = A61D4E051BD335FA00E175E1 /* Assets.xcassets */; };
		A61D4E091BD335FA00E175E1 /* LaunchScreen.storyboard in Resources */ = {isa = PBXBuildFile; fileRef = A61D4E071BD335FA00E175E1 /* LaunchScreen.storyboard */; };
		A61D4E141BD335FA00E175E1 /* SelfLOLTests.swift in Sources */ = {isa = PBXBuildFile; fileRef = A61D4E131BD335FA00E175E1 /* SelfLOLTests.swift */; };
		A61D4E1F1BD335FB00E175E1 /* SelfLOLUITests.swift in Sources */ = {isa = PBXBuildFile; fileRef = A61D4E1E1BD335FB00E175E1 /* SelfLOLUITests.swift */; };
		A61D4E2D1BD3368600E175E1 /* LOLSelfViewController.swift in Sources */ = {isa = PBXBuildFile; fileRef = A61D4E2C1BD3368600E175E1 /* LOLSelfViewController.swift */; };
		A61D4E311BD445E300E175E1 /* Summoner.swift in Sources */ = {isa = PBXBuildFile; fileRef = A61D4E301BD445E300E175E1 /* Summoner.swift */; };
		A61D4E371BD4676500E175E1 /* RankInfo.swift in Sources */ = {isa = PBXBuildFile; fileRef = A61D4E361BD4676500E175E1 /* RankInfo.swift */; };
		A61D4E391BD71B4200E175E1 /* ChampionStatus.swift in Sources */ = {isa = PBXBuildFile; fileRef = A61D4E381BD71B4200E175E1 /* ChampionStatus.swift */; };
		A62718C01BFADECE00FDD1BD /* Reachability.swift in Sources */ = {isa = PBXBuildFile; fileRef = A62718BF1BFADECE00FDD1BD /* Reachability.swift */; };
		A635A5111C0777FF00C00406 /* RunesViewController.swift in Sources */ = {isa = PBXBuildFile; fileRef = A635A5101C0777FF00C00406 /* RunesViewController.swift */; };
		A635A5131C07BF5100C00406 /* RuneTableViewCell.swift in Sources */ = {isa = PBXBuildFile; fileRef = A635A5121C07BF5100C00406 /* RuneTableViewCell.swift */; };
		A6923EDF1BED89EC001777E6 /* ParticipantTableViewCell.swift in Sources */ = {isa = PBXBuildFile; fileRef = A6923EDE1BED89EC001777E6 /* ParticipantTableViewCell.swift */; };
		A697BEBC1BF2CCFD006BBCED /* Player+CoreDataProperties.swift in Sources */ = {isa = PBXBuildFile; fileRef = A697BEBA1BF2CCFD006BBCED /* Player+CoreDataProperties.swift */; };
		A697BEBD1BF2CCFD006BBCED /* Player.swift in Sources */ = {isa = PBXBuildFile; fileRef = A697BEBB1BF2CCFD006BBCED /* Player.swift */; };
		A6E9A9DD1BE580C900AAE0F2 /* ChampionTableViewCell.swift in Sources */ = {isa = PBXBuildFile; fileRef = A6E9A9DC1BE580C900AAE0F2 /* ChampionTableViewCell.swift */; };
		A6EDB0961BE9D108002C458F /* CurrentGame.swift in Sources */ = {isa = PBXBuildFile; fileRef = A6EDB0951BE9D108002C458F /* CurrentGame.swift */; };
		A6EDB0981BE9DA91002C458F /* CurrentGameViewController.swift in Sources */ = {isa = PBXBuildFile; fileRef = A6EDB0971BE9DA91002C458F /* CurrentGameViewController.swift */; };
		A6EFE9F01C03F11E0074F952 /* LOLMap.swift in Sources */ = {isa = PBXBuildFile; fileRef = A6EFE9EF1C03F11E0074F952 /* LOLMap.swift */; };
/* End PBXBuildFile section */

/* Begin PBXContainerItemProxy section */
		A61D4E101BD335FA00E175E1 /* PBXContainerItemProxy */ = {
			isa = PBXContainerItemProxy;
			containerPortal = A61D4DF01BD335FA00E175E1 /* Project object */;
			proxyType = 1;
			remoteGlobalIDString = A61D4DF71BD335FA00E175E1;
			remoteInfo = SelfLOL;
		};
		A61D4E1B1BD335FB00E175E1 /* PBXContainerItemProxy */ = {
			isa = PBXContainerItemProxy;
			containerPortal = A61D4DF01BD335FA00E175E1 /* Project object */;
			proxyType = 1;
			remoteGlobalIDString = A61D4DF71BD335FA00E175E1;
			remoteInfo = SelfLOL;
		};
/* End PBXContainerItemProxy section */

/* Begin PBXFileReference section */
		A60B60351C05834500FD7730 /* rune.json */ = {isa = PBXFileReference; fileEncoding = 4; lastKnownFileType = text.json; path = rune.json; sourceTree = "<group>"; };
		A61D4DF81BD335FA00E175E1 /* Look LOL.app */ = {isa = PBXFileReference; explicitFileType = wrapper.application; includeInIndex = 0; path = "Look LOL.app"; sourceTree = BUILT_PRODUCTS_DIR; };
		A61D4DFB1BD335FA00E175E1 /* AppDelegate.swift */ = {isa = PBXFileReference; lastKnownFileType = sourcecode.swift; path = AppDelegate.swift; sourceTree = "<group>"; };
		A61D4E001BD335FA00E175E1 /* Base */ = {isa = PBXFileReference; lastKnownFileType = file.storyboard; name = Base; path = Base.lproj/Main.storyboard; sourceTree = "<group>"; };
		A61D4E031BD335FA00E175E1 /* SelfLOL.xcdatamodel */ = {isa = PBXFileReference; lastKnownFileType = wrapper.xcdatamodel; path = SelfLOL.xcdatamodel; sourceTree = "<group>"; };
		A61D4E051BD335FA00E175E1 /* Assets.xcassets */ = {isa = PBXFileReference; lastKnownFileType = folder.assetcatalog; path = Assets.xcassets; sourceTree = "<group>"; };
		A61D4E081BD335FA00E175E1 /* Base */ = {isa = PBXFileReference; lastKnownFileType = file.storyboard; name = Base; path = Base.lproj/LaunchScreen.storyboard; sourceTree = "<group>"; };
		A61D4E0A1BD335FA00E175E1 /* Info.plist */ = {isa = PBXFileReference; lastKnownFileType = text.plist.xml; path = Info.plist; sourceTree = "<group>"; };
		A61D4E0F1BD335FA00E175E1 /* Look LOL.xctest */ = {isa = PBXFileReference; explicitFileType = wrapper.cfbundle; includeInIndex = 0; path = "Look LOL.xctest"; sourceTree = BUILT_PRODUCTS_DIR; };
		A61D4E131BD335FA00E175E1 /* SelfLOLTests.swift */ = {isa = PBXFileReference; lastKnownFileType = sourcecode.swift; path = SelfLOLTests.swift; sourceTree = "<group>"; };
		A61D4E151BD335FB00E175E1 /* Info.plist */ = {isa = PBXFileReference; lastKnownFileType = text.plist.xml; path = Info.plist; sourceTree = "<group>"; };
		A61D4E1A1BD335FB00E175E1 /* Look LOL.xctest */ = {isa = PBXFileReference; explicitFileType = wrapper.cfbundle; includeInIndex = 0; path = "Look LOL.xctest"; sourceTree = BUILT_PRODUCTS_DIR; };
		A61D4E1E1BD335FB00E175E1 /* SelfLOLUITests.swift */ = {isa = PBXFileReference; lastKnownFileType = sourcecode.swift; path = SelfLOLUITests.swift; sourceTree = "<group>"; };
		A61D4E201BD335FB00E175E1 /* Info.plist */ = {isa = PBXFileReference; lastKnownFileType = text.plist.xml; path = Info.plist; sourceTree = "<group>"; };
		A61D4E2C1BD3368600E175E1 /* LOLSelfViewController.swift */ = {isa = PBXFileReference; fileEncoding = 4; lastKnownFileType = sourcecode.swift; path = LOLSelfViewController.swift; sourceTree = "<group>"; };
		A61D4E301BD445E300E175E1 /* Summoner.swift */ = {isa = PBXFileReference; fileEncoding = 4; lastKnownFileType = sourcecode.swift; path = Summoner.swift; sourceTree = "<group>"; };
		A61D4E361BD4676500E175E1 /* RankInfo.swift */ = {isa = PBXFileReference; fileEncoding = 4; lastKnownFileType = sourcecode.swift; path = RankInfo.swift; sourceTree = "<group>"; };
		A61D4E381BD71B4200E175E1 /* ChampionStatus.swift */ = {isa = PBXFileReference; fileEncoding = 4; lastKnownFileType = sourcecode.swift; path = ChampionStatus.swift; sourceTree = "<group>"; };
		A62718BF1BFADECE00FDD1BD /* Reachability.swift */ = {isa = PBXFileReference; fileEncoding = 4; lastKnownFileType = sourcecode.swift; path = Reachability.swift; sourceTree = "<group>"; };
		A635A5101C0777FF00C00406 /* RunesViewController.swift */ = {isa = PBXFileReference; fileEncoding = 4; lastKnownFileType = sourcecode.swift; path = RunesViewController.swift; sourceTree = "<group>"; };
		A635A5121C07BF5100C00406 /* RuneTableViewCell.swift */ = {isa = PBXFileReference; fileEncoding = 4; lastKnownFileType = sourcecode.swift; path = RuneTableViewCell.swift; sourceTree = "<group>"; };
		A6923EDE1BED89EC001777E6 /* ParticipantTableViewCell.swift */ = {isa = PBXFileReference; fileEncoding = 4; lastKnownFileType = sourcecode.swift; path = ParticipantTableViewCell.swift; sourceTree = "<group>"; };
		A697BEBA1BF2CCFD006BBCED /* Player+CoreDataProperties.swift */ = {isa = PBXFileReference; fileEncoding = 4; lastKnownFileType = sourcecode.swift; path = "Player+CoreDataProperties.swift"; sourceTree = "<group>"; };
		A697BEBB1BF2CCFD006BBCED /* Player.swift */ = {isa = PBXFileReference; fileEncoding = 4; lastKnownFileType = sourcecode.swift; path = Player.swift; sourceTree = "<group>"; };
		A6E9A9DC1BE580C900AAE0F2 /* ChampionTableViewCell.swift */ = {isa = PBXFileReference; fileEncoding = 4; lastKnownFileType = sourcecode.swift; path = ChampionTableViewCell.swift; sourceTree = "<group>"; };
		A6EDB0951BE9D108002C458F /* CurrentGame.swift */ = {isa = PBXFileReference; fileEncoding = 4; lastKnownFileType = sourcecode.swift; path = CurrentGame.swift; sourceTree = "<group>"; };
		A6EDB0971BE9DA91002C458F /* CurrentGameViewController.swift */ = {isa = PBXFileReference; fileEncoding = 4; lastKnownFileType = sourcecode.swift; path = CurrentGameViewController.swift; sourceTree = "<group>"; };
		A6EFE9EF1C03F11E0074F952 /* LOLMap.swift */ = {isa = PBXFileReference; fileEncoding = 4; lastKnownFileType = sourcecode.swift; path = LOLMap.swift; sourceTree = "<group>"; };
/* End PBXFileReference section */

/* Begin PBXFrameworksBuildPhase section */
		A61D4DF51BD335FA00E175E1 /* Frameworks */ = {
			isa = PBXFrameworksBuildPhase;
			buildActionMask = 2147483647;
			files = (
			);
			runOnlyForDeploymentPostprocessing = 0;
		};
		A61D4E0C1BD335FA00E175E1 /* Frameworks */ = {
			isa = PBXFrameworksBuildPhase;
			buildActionMask = 2147483647;
			files = (
			);
			runOnlyForDeploymentPostprocessing = 0;
		};
		A61D4E171BD335FB00E175E1 /* Frameworks */ = {
			isa = PBXFrameworksBuildPhase;
			buildActionMask = 2147483647;
			files = (
			);
			runOnlyForDeploymentPostprocessing = 0;
		};
/* End PBXFrameworksBuildPhase section */

/* Begin PBXGroup section */
		A61D4DEF1BD335FA00E175E1 = {
			isa = PBXGroup;
			children = (
				A61D4DFA1BD335FA00E175E1 /* SelfLOL */,
				A61D4E121BD335FA00E175E1 /* SelfLOLTests */,
				A61D4E1D1BD335FB00E175E1 /* SelfLOLUITests */,
				A61D4DF91BD335FA00E175E1 /* Products */,
			);
			sourceTree = "<group>";
		};
		A61D4DF91BD335FA00E175E1 /* Products */ = {
			isa = PBXGroup;
			children = (
				A61D4DF81BD335FA00E175E1 /* Look LOL.app */,
				A61D4E0F1BD335FA00E175E1 /* Look LOL.xctest */,
				A61D4E1A1BD335FB00E175E1 /* Look LOL.xctest */,
			);
			name = Products;
			sourceTree = "<group>";
		};
		A61D4DFA1BD335FA00E175E1 /* SelfLOL */ = {
			isa = PBXGroup;
			children = (
				A697BEBA1BF2CCFD006BBCED /* Player+CoreDataProperties.swift */,
				A697BEBB1BF2CCFD006BBCED /* Player.swift */,
				A61D4DFB1BD335FA00E175E1 /* AppDelegate.swift */,
				A61D4DFF1BD335FA00E175E1 /* Main.storyboard */,
				A61D4E051BD335FA00E175E1 /* Assets.xcassets */,
				A61D4E071BD335FA00E175E1 /* LaunchScreen.storyboard */,
				A60B60351C05834500FD7730 /* rune.json */,
				A61D4E0A1BD335FA00E175E1 /* Info.plist */,
				A61D4E021BD335FA00E175E1 /* SelfLOL.xcdatamodeld */,
				A61D4E2C1BD3368600E175E1 /* LOLSelfViewController.swift */,
				A62718BF1BFADECE00FDD1BD /* Reachability.swift */,
				A6EDB0971BE9DA91002C458F /* CurrentGameViewController.swift */,
				A635A5101C0777FF00C00406 /* RunesViewController.swift */,
				A61D4E361BD4676500E175E1 /* RankInfo.swift */,
				A61D4E301BD445E300E175E1 /* Summoner.swift */,
				A61D4E381BD71B4200E175E1 /* ChampionStatus.swift */,
				A6EFE9EF1C03F11E0074F952 /* LOLMap.swift */,
				A6EDB0951BE9D108002C458F /* CurrentGame.swift */,
				A635A5121C07BF5100C00406 /* RuneTableViewCell.swift */,
				A6E9A9DC1BE580C900AAE0F2 /* ChampionTableViewCell.swift */,
				A6923EDE1BED89EC001777E6 /* ParticipantTableViewCell.swift */,
			);
			path = SelfLOL;
			sourceTree = "<group>";
		};
		A61D4E121BD335FA00E175E1 /* SelfLOLTests */ = {
			isa = PBXGroup;
			children = (
				A61D4E131BD335FA00E175E1 /* SelfLOLTests.swift */,
				A61D4E151BD335FB00E175E1 /* Info.plist */,
			);
			path = SelfLOLTests;
			sourceTree = "<group>";
		};
		A61D4E1D1BD335FB00E175E1 /* SelfLOLUITests */ = {
			isa = PBXGroup;
			children = (
				A61D4E1E1BD335FB00E175E1 /* SelfLOLUITests.swift */,
				A61D4E201BD335FB00E175E1 /* Info.plist */,
			);
			path = SelfLOLUITests;
			sourceTree = "<group>";
		};
/* End PBXGroup section */

/* Begin PBXNativeTarget section */
		A61D4DF71BD335FA00E175E1 /* Look LOL */ = {
			isa = PBXNativeTarget;
			buildConfigurationList = A61D4E231BD335FB00E175E1 /* Build configuration list for PBXNativeTarget "Look LOL" */;
			buildPhases = (
				A61D4DF41BD335FA00E175E1 /* Sources */,
				A61D4DF51BD335FA00E175E1 /* Frameworks */,
				A61D4DF61BD335FA00E175E1 /* Resources */,
			);
			buildRules = (
			);
			dependencies = (
			);
			name = "Look LOL";
			productName = SelfLOL;
			productReference = A61D4DF81BD335FA00E175E1 /* Look LOL.app */;
			productType = "com.apple.product-type.application";
		};
		A61D4E0E1BD335FA00E175E1 /* Look LOLTests */ = {
			isa = PBXNativeTarget;
			buildConfigurationList = A61D4E261BD335FB00E175E1 /* Build configuration list for PBXNativeTarget "Look LOLTests" */;
			buildPhases = (
				A61D4E0B1BD335FA00E175E1 /* Sources */,
				A61D4E0C1BD335FA00E175E1 /* Frameworks */,
				A61D4E0D1BD335FA00E175E1 /* Resources */,
			);
			buildRules = (
			);
			dependencies = (
				A61D4E111BD335FA00E175E1 /* PBXTargetDependency */,
			);
			name = "Look LOLTests";
			productName = SelfLOLTests;
			productReference = A61D4E0F1BD335FA00E175E1 /* Look LOL.xctest */;
			productType = "com.apple.product-type.bundle.unit-test";
		};
		A61D4E191BD335FB00E175E1 /* Look LOLUITests */ = {
			isa = PBXNativeTarget;
			buildConfigurationList = A61D4E291BD335FB00E175E1 /* Build configuration list for PBXNativeTarget "Look LOLUITests" */;
			buildPhases = (
				A61D4E161BD335FB00E175E1 /* Sources */,
				A61D4E171BD335FB00E175E1 /* Frameworks */,
				A61D4E181BD335FB00E175E1 /* Resources */,
			);
			buildRules = (
			);
			dependencies = (
				A61D4E1C1BD335FB00E175E1 /* PBXTargetDependency */,
			);
			name = "Look LOLUITests";
			productName = SelfLOLUITests;
			productReference = A61D4E1A1BD335FB00E175E1 /* Look LOL.xctest */;
			productType = "com.apple.product-type.bundle.ui-testing";
		};
/* End PBXNativeTarget section */

/* Begin PBXProject section */
		A61D4DF01BD335FA00E175E1 /* Project object */ = {
			isa = PBXProject;
			attributes = {
				LastUpgradeCheck = 0700;
				ORGANIZATIONNAME = lit.wa.yuen;
				TargetAttributes = {
					A61D4DF71BD335FA00E175E1 = {
						CreatedOnToolsVersion = 7.0.1;
					};
					A61D4E0E1BD335FA00E175E1 = {
						CreatedOnToolsVersion = 7.0.1;
						TestTargetID = A61D4DF71BD335FA00E175E1;
					};
					A61D4E191BD335FB00E175E1 = {
						CreatedOnToolsVersion = 7.0.1;
						TestTargetID = A61D4DF71BD335FA00E175E1;
					};
				};
			};
			buildConfigurationList = A61D4DF31BD335FA00E175E1 /* Build configuration list for PBXProject "Look LOL" */;
			compatibilityVersion = "Xcode 3.2";
			developmentRegion = English;
			hasScannedForEncodings = 0;
			knownRegions = (
				en,
				Base,
			);
			mainGroup = A61D4DEF1BD335FA00E175E1;
			productRefGroup = A61D4DF91BD335FA00E175E1 /* Products */;
			projectDirPath = "";
			projectRoot = "";
			targets = (
				A61D4DF71BD335FA00E175E1 /* Look LOL */,
				A61D4E0E1BD335FA00E175E1 /* Look LOLTests */,
				A61D4E191BD335FB00E175E1 /* Look LOLUITests */,
			);
		};
/* End PBXProject section */

/* Begin PBXResourcesBuildPhase section */
		A61D4DF61BD335FA00E175E1 /* Resources */ = {
			isa = PBXResourcesBuildPhase;
			buildActionMask = 2147483647;
			files = (
				A61D4E091BD335FA00E175E1 /* LaunchScreen.storyboard in Resources */,
				A61D4E061BD335FA00E175E1 /* Assets.xcassets in Resources */,
				A61D4E011BD335FA00E175E1 /* Main.storyboard in Resources */,
				A60B60361C05834500FD7730 /* rune.json in Resources */,
			);
			runOnlyForDeploymentPostprocessing = 0;
		};
		A61D4E0D1BD335FA00E175E1 /* Resources */ = {
			isa = PBXResourcesBuildPhase;
			buildActionMask = 2147483647;
			files = (
			);
			runOnlyForDeploymentPostprocessing = 0;
		};
		A61D4E181BD335FB00E175E1 /* Resources */ = {
			isa = PBXResourcesBuildPhase;
			buildActionMask = 2147483647;
			files = (
			);
			runOnlyForDeploymentPostprocessing = 0;
		};
/* End PBXResourcesBuildPhase section */

/* Begin PBXSourcesBuildPhase section */
		A61D4DF41BD335FA00E175E1 /* Sources */ = {
			isa = PBXSourcesBuildPhase;
			buildActionMask = 2147483647;
			files = (
				A6EDB0981BE9DA91002C458F /* CurrentGameViewController.swift in Sources */,
				A6923EDF1BED89EC001777E6 /* ParticipantTableViewCell.swift in Sources */,
				A6E9A9DD1BE580C900AAE0F2 /* ChampionTableViewCell.swift in Sources */,
				A6EDB0961BE9D108002C458F /* CurrentGame.swift in Sources */,
				A6EFE9F01C03F11E0074F952 /* LOLMap.swift in Sources */,
				A697BEBD1BF2CCFD006BBCED /* Player.swift in Sources */,
				A61D4E041BD335FA00E175E1 /* SelfLOL.xcdatamodeld in Sources */,
				A697BEBC1BF2CCFD006BBCED /* Player+CoreDataProperties.swift in Sources */,
				A61D4DFC1BD335FA00E175E1 /* AppDelegate.swift in Sources */,
				A635A5111C0777FF00C00406 /* RunesViewController.swift in Sources */,
				A61D4E391BD71B4200E175E1 /* ChampionStatus.swift in Sources */,
				A61D4E2D1BD3368600E175E1 /* LOLSelfViewController.swift in Sources */,
				A61D4E371BD4676500E175E1 /* RankInfo.swift in Sources */,
				A61D4E311BD445E300E175E1 /* Summoner.swift in Sources */,
				A62718C01BFADECE00FDD1BD /* Reachability.swift in Sources */,
				A635A5131C07BF5100C00406 /* RuneTableViewCell.swift in Sources */,
			);
			runOnlyForDeploymentPostprocessing = 0;
		};
		A61D4E0B1BD335FA00E175E1 /* Sources */ = {
			isa = PBXSourcesBuildPhase;
			buildActionMask = 2147483647;
			files = (
				A61D4E141BD335FA00E175E1 /* SelfLOLTests.swift in Sources */,
			);
			runOnlyForDeploymentPostprocessing = 0;
		};
		A61D4E161BD335FB00E175E1 /* Sources */ = {
			isa = PBXSourcesBuildPhase;
			buildActionMask = 2147483647;
			files = (
				A61D4E1F1BD335FB00E175E1 /* SelfLOLUITests.swift in Sources */,
			);
			runOnlyForDeploymentPostprocessing = 0;
		};
/* End PBXSourcesBuildPhase section */

/* Begin PBXTargetDependency section */
		A61D4E111BD335FA00E175E1 /* PBXTargetDependency */ = {
			isa = PBXTargetDependency;
			target = A61D4DF71BD335FA00E175E1 /* Look LOL */;
			targetProxy = A61D4E101BD335FA00E175E1 /* PBXContainerItemProxy */;
		};
		A61D4E1C1BD335FB00E175E1 /* PBXTargetDependency */ = {
			isa = PBXTargetDependency;
			target = A61D4DF71BD335FA00E175E1 /* Look LOL */;
			targetProxy = A61D4E1B1BD335FB00E175E1 /* PBXContainerItemProxy */;
		};
/* End PBXTargetDependency section */

/* Begin PBXVariantGroup section */
		A61D4DFF1BD335FA00E175E1 /* Main.storyboard */ = {
			isa = PBXVariantGroup;
			children = (
				A61D4E001BD335FA00E175E1 /* Base */,
			);
			name = Main.storyboard;
			sourceTree = "<group>";
		};
		A61D4E071BD335FA00E175E1 /* LaunchScreen.storyboard */ = {
			isa = PBXVariantGroup;
			children = (
				A61D4E081BD335FA00E175E1 /* Base */,
			);
			name = LaunchScreen.storyboard;
			sourceTree = "<group>";
		};
/* End PBXVariantGroup section */

/* Begin XCBuildConfiguration section */
		A61D4E211BD335FB00E175E1 /* Debug */ = {
			isa = XCBuildConfiguration;
			buildSettings = {
				ALWAYS_SEARCH_USER_PATHS = NO;
				CLANG_CXX_LANGUAGE_STANDARD = "gnu++0x";
				CLANG_CXX_LIBRARY = "libc++";
				CLANG_ENABLE_MODULES = YES;
				CLANG_ENABLE_OBJC_ARC = YES;
				CLANG_WARN_BOOL_CONVERSION = YES;
				CLANG_WARN_CONSTANT_CONVERSION = YES;
				CLANG_WARN_DIRECT_OBJC_ISA_USAGE = YES_ERROR;
				CLANG_WARN_EMPTY_BODY = YES;
				CLANG_WARN_ENUM_CONVERSION = YES;
				CLANG_WARN_INT_CONVERSION = YES;
				CLANG_WARN_OBJC_ROOT_CLASS = YES_ERROR;
				CLANG_WARN_UNREACHABLE_CODE = YES;
				CLANG_WARN__DUPLICATE_METHOD_MATCH = YES;
				"CODE_SIGN_IDENTITY[sdk=iphoneos*]" = "iPhone Developer";
				COPY_PHASE_STRIP = NO;
				DEBUG_INFORMATION_FORMAT = dwarf;
				ENABLE_STRICT_OBJC_MSGSEND = YES;
				ENABLE_TESTABILITY = YES;
				GCC_C_LANGUAGE_STANDARD = gnu99;
				GCC_DYNAMIC_NO_PIC = NO;
				GCC_NO_COMMON_BLOCKS = YES;
				GCC_OPTIMIZATION_LEVEL = 0;
				GCC_PREPROCESSOR_DEFINITIONS = (
					"DEBUG=1",
					"$(inherited)",
				);
				GCC_WARN_64_TO_32_BIT_CONVERSION = YES;
				GCC_WARN_ABOUT_RETURN_TYPE = YES_ERROR;
				GCC_WARN_UNDECLARED_SELECTOR = YES;
				GCC_WARN_UNINITIALIZED_AUTOS = YES_AGGRESSIVE;
				GCC_WARN_UNUSED_FUNCTION = YES;
				GCC_WARN_UNUSED_VARIABLE = YES;
				IPHONEOS_DEPLOYMENT_TARGET = 9.0;
				MTL_ENABLE_DEBUG_INFO = YES;
				ONLY_ACTIVE_ARCH = YES;
				PRODUCT_NAME = LookLOL;
				SDKROOT = iphoneos;
				SWIFT_OPTIMIZATION_LEVEL = "-Onone";
				TARGETED_DEVICE_FAMILY = "1,2";
			};
			name = Debug;
		};
		A61D4E221BD335FB00E175E1 /* Release */ = {
			isa = XCBuildConfiguration;
			buildSettings = {
				ALWAYS_SEARCH_USER_PATHS = NO;
				CLANG_CXX_LANGUAGE_STANDARD = "gnu++0x";
				CLANG_CXX_LIBRARY = "libc++";
				CLANG_ENABLE_MODULES = YES;
				CLANG_ENABLE_OBJC_ARC = YES;
				CLANG_WARN_BOOL_CONVERSION = YES;
				CLANG_WARN_CONSTANT_CONVERSION = YES;
				CLANG_WARN_DIRECT_OBJC_ISA_USAGE = YES_ERROR;
				CLANG_WARN_EMPTY_BODY = YES;
				CLANG_WARN_ENUM_CONVERSION = YES;
				CLANG_WARN_INT_CONVERSION = YES;
				CLANG_WARN_OBJC_ROOT_CLASS = YES_ERROR;
				CLANG_WARN_UNREACHABLE_CODE = YES;
				CLANG_WARN__DUPLICATE_METHOD_MATCH = YES;
				"CODE_SIGN_IDENTITY[sdk=iphoneos*]" = "iPhone Developer";
				COPY_PHASE_STRIP = NO;
				DEBUG_INFORMATION_FORMAT = "dwarf-with-dsym";
				ENABLE_NS_ASSERTIONS = NO;
				ENABLE_STRICT_OBJC_MSGSEND = YES;
				GCC_C_LANGUAGE_STANDARD = gnu99;
				GCC_NO_COMMON_BLOCKS = YES;
				GCC_WARN_64_TO_32_BIT_CONVERSION = YES;
				GCC_WARN_ABOUT_RETURN_TYPE = YES_ERROR;
				GCC_WARN_UNDECLARED_SELECTOR = YES;
				GCC_WARN_UNINITIALIZED_AUTOS = YES_AGGRESSIVE;
				GCC_WARN_UNUSED_FUNCTION = YES;
				GCC_WARN_UNUSED_VARIABLE = YES;
				IPHONEOS_DEPLOYMENT_TARGET = 9.0;
				MTL_ENABLE_DEBUG_INFO = NO;
				PRODUCT_NAME = LookLOL;
				SDKROOT = iphoneos;
				TARGETED_DEVICE_FAMILY = "1,2";
				VALIDATE_PRODUCT = YES;
			};
			name = Release;
		};
		A61D4E241BD335FB00E175E1 /* Debug */ = {
			isa = XCBuildConfiguration;
			buildSettings = {
				ASSETCATALOG_COMPILER_APPICON_NAME = AppIcon;
				INFOPLIST_FILE = SelfLOL/Info.plist;
				LD_RUNPATH_SEARCH_PATHS = "$(inherited) @executable_path/Frameworks";
				PRODUCT_BUNDLE_IDENTIFIER = lit.wa.yuen.LookLOL;
				PRODUCT_NAME = "Look LOL";
			};
			name = Debug;
		};
		A61D4E251BD335FB00E175E1 /* Release */ = {
			isa = XCBuildConfiguration;
			buildSettings = {
				ASSETCATALOG_COMPILER_APPICON_NAME = AppIcon;
				INFOPLIST_FILE = SelfLOL/Info.plist;
				LD_RUNPATH_SEARCH_PATHS = "$(inherited) @executable_path/Frameworks";
				PRODUCT_BUNDLE_IDENTIFIER = lit.wa.yuen.LookLOL;
				PRODUCT_NAME = "Look LOL";
			};
			name = Release;
		};
		A61D4E271BD335FB00E175E1 /* Debug */ = {
			isa = XCBuildConfiguration;
			buildSettings = {
				BUNDLE_LOADER = "$(TEST_HOST)";
				INFOPLIST_FILE = SelfLOLTests/Info.plist;
				LD_RUNPATH_SEARCH_PATHS = "$(inherited) @executable_path/Frameworks @loader_path/Frameworks";
				PRODUCT_BUNDLE_IDENTIFIER = lit.wa.yuen.SelfLOLTests;
				PRODUCT_NAME = "Look LOL";
				TEST_HOST = "$(BUILT_PRODUCTS_DIR)/Look LOL.app/Look LOL";
			};
			name = Debug;
		};
		A61D4E281BD335FB00E175E1 /* Release */ = {
			isa = XCBuildConfiguration;
			buildSettings = {
				BUNDLE_LOADER = "$(TEST_HOST)";
				INFOPLIST_FILE = SelfLOLTests/Info.plist;
				LD_RUNPATH_SEARCH_PATHS = "$(inherited) @executable_path/Frameworks @loader_path/Frameworks";
				PRODUCT_BUNDLE_IDENTIFIER = lit.wa.yuen.SelfLOLTests;
				PRODUCT_NAME = "Look LOL";
				TEST_HOST = "$(BUILT_PRODUCTS_DIR)/Look LOL.app/Look LOL";
			};
			name = Release;
		};
		A61D4E2A1BD335FB00E175E1 /* Debug */ = {
			isa = XCBuildConfiguration;
			buildSettings = {
				INFOPLIST_FILE = SelfLOLUITests/Info.plist;
				LD_RUNPATH_SEARCH_PATHS = "$(inherited) @executable_path/Frameworks @loader_path/Frameworks";
				PRODUCT_BUNDLE_IDENTIFIER = lit.wa.yuen.SelfLOLUITests;
				PRODUCT_NAME = "Look LOL";
				TEST_TARGET_NAME = SelfLOL;
				USES_XCTRUNNER = YES;
			};
			name = Debug;
		};
		A61D4E2B1BD335FB00E175E1 /* Release */ = {
			isa = XCBuildConfiguration;
			buildSettings = {
				INFOPLIST_FILE = SelfLOLUITests/Info.plist;
				LD_RUNPATH_SEARCH_PATHS = "$(inherited) @executable_path/Frameworks @loader_path/Frameworks";
				PRODUCT_BUNDLE_IDENTIFIER = lit.wa.yuen.SelfLOLUITests;
				PRODUCT_NAME = "Look LOL";
				TEST_TARGET_NAME = SelfLOL;
				USES_XCTRUNNER = YES;
			};
			name = Release;
		};
/* End XCBuildConfiguration section */

/* Begin XCConfigurationList section */
		A61D4DF31BD335FA00E175E1 /* Build configuration list for PBXProject "Look LOL" */ = {
			isa = XCConfigurationList;
			buildConfigurations = (
				A61D4E211BD335FB00E175E1 /* Debug */,
				A61D4E221BD335FB00E175E1 /* Release */,
			);
			defaultConfigurationIsVisible = 0;
			defaultConfigurationName = Release;
		};
		A61D4E231BD335FB00E175E1 /* Build configuration list for PBXNativeTarget "Look LOL" */ = {
			isa = XCConfigurationList;
			buildConfigurations = (
				A61D4E241BD335FB00E175E1 /* Debug */,
				A61D4E251BD335FB00E175E1 /* Release */,
			);
			defaultConfigurationIsVisible = 0;
			defaultConfigurationName = Release;
		};
		A61D4E261BD335FB00E175E1 /* Build configuration list for PBXNativeTarget "Look LOLTests" */ = {
			isa = XCConfigurationList;
			buildConfigurations = (
				A61D4E271BD335FB00E175E1 /* Debug */,
				A61D4E281BD335FB00E175E1 /* Release */,
			);
			defaultConfigurationIsVisible = 0;
			defaultConfigurationName = Release;
		};
		A61D4E291BD335FB00E175E1 /* Build configuration list for PBXNativeTarget "Look LOLUITests" */ = {
			isa = XCConfigurationList;
			buildConfigurations = (
				A61D4E2A1BD335FB00E175E1 /* Debug */,
				A61D4E2B1BD335FB00E175E1 /* Release */,
			);
			defaultConfigurationIsVisible = 0;
			defaultConfigurationName = Release;
		};
/* End XCConfigurationList section */

/* Begin XCVersionGroup section */
		A61D4E021BD335FA00E175E1 /* SelfLOL.xcdatamodeld */ = {
			isa = XCVersionGroup;
			children = (
				A61D4E031BD335FA00E175E1 /* SelfLOL.xcdatamodel */,
			);
			currentVersion = A61D4E031BD335FA00E175E1 /* SelfLOL.xcdatamodel */;
			path = SelfLOL.xcdatamodeld;
			sourceTree = "<group>";
			versionGroupType = wrapper.xcdatamodel;
		};
/* End XCVersionGroup section */
	};
	rootObject = A61D4DF01BD335FA00E175E1 /* Project object */;
}
